
Microsoft Visual Studio Solution File, Format Version 12.00
# Visual Studio 14
VisualStudioVersion = 14.0.25420.1
MinimumVisualStudioVersion = 10.0.40219.1
Project("{FAE04EC0-301F-11D3-BF4B-00C04F79EFBC}") = "BankTest", "BankTest\BankTest.csproj", "{097CA83D-2D92-47DA-885D-3C9F0401D39E}"
EndProject
Project("{FAE04EC0-301F-11D3-BF4B-00C04F79EFBC}") = "BankObj", "BankObj\BankObj.csproj", "{06F9DBC8-9A80-40FA-B976-870E40FEE227}"
EndProject
Global
	GlobalSection(SolutionConfigurationPlatforms) = preSolution
		Debug|Any CPU = Debug|Any CPU
		Release|Any CPU = Release|Any CPU
	EndGlobalSection
	GlobalSection(ProjectConfigurationPlatforms) = postSolution
		{097CA83D-2D92-47DA-885D-3C9F0401D39E}.Debug|Any CPU.ActiveCfg = Debug|Any CPU
		{097CA83D-2D92-47DA-885D-3C9F0401D39E}.Debug|Any CPU.Build.0 = Debug|Any CPU
		{097CA83D-2D92-47DA-885D-3C9F0401D39E}.Release|Any CPU.ActiveCfg = Release|Any CPU
		{097CA83D-2D92-47DA-885D-3C9F0401D39E}.Release|Any CPU.Build.0 = Release|Any CPU
		{06F9DBC8-9A80-40FA-B976-870E40FEE227}.Debug|Any CPU.ActiveCfg = Debug|Any CPU
		{06F9DBC8-9A80-40FA-B976-870E40FEE227}.Debug|Any CPU.Build.0 = Debug|Any CPU
		{06F9DBC8-9A80-40FA-B976-870E40FEE227}.Release|Any CPU.ActiveCfg = Release|Any CPU
		{06F9DBC8-9A80-40FA-B976-870E40FEE227}.Release|Any CPU.Build.0 = Release|Any CPU
	EndGlobalSection
	GlobalSection(SolutionProperties) = preSolution
		HideSolutionNode = FALSE
	EndGlobalSection
EndGlobal
