
Microsoft Visual Studio Solution File, Format Version 12.00
# Visual Studio 15
VisualStudioVersion = 15.0.27130.2026
MinimumVisualStudioVersion = 10.0.40219.1
Project("{FAE04EC0-301F-11D3-BF4B-00C04F79EFBC}") = "BankTest", "BankTest\BankTest.csproj", "{097CA83D-2D92-47DA-885D-3C9F0401D39E}"
EndProject
Project("{FAE04EC0-301F-11D3-BF4B-00C04F79EFBC}") = "BankObj", "BankObj\BankObj.csproj", "{06F9DBC8-9A80-40FA-B976-870E40FEE227}"
EndProject
Project("{FAE04EC0-301F-11D3-BF4B-00C04F79EFBC}") = "BankWPF", "BankWPF\BankWPF.csproj", "{0D413211-302F-46F7-AC87-0E1BAD08B8FF}"
EndProject
Global
	GlobalSection(SolutionConfigurationPlatforms) = preSolution
		Debug|Any CPU = Debug|Any CPU
		Release|Any CPU = Release|Any CPU
	EndGlobalSection
	GlobalSection(ProjectConfigurationPlatforms) = postSolution
		{097CA83D-2D92-47DA-885D-3C9F0401D39E}.Debug|Any CPU.ActiveCfg = Debug|Any CPU
		{097CA83D-2D92-47DA-885D-3C9F0401D39E}.Debug|Any CPU.Build.0 = Debug|Any CPU
		{097CA83D-2D92-47DA-885D-3C9F0401D39E}.Release|Any CPU.ActiveCfg = Release|Any CPU
		{097CA83D-2D92-47DA-885D-3C9F0401D39E}.Release|Any CPU.Build.0 = Release|Any CPU
		{06F9DBC8-9A80-40FA-B976-870E40FEE227}.Debug|Any CPU.ActiveCfg = Debug|Any CPU
		{06F9DBC8-9A80-40FA-B976-870E40FEE227}.Debug|Any CPU.Build.0 = Debug|Any CPU
		{06F9DBC8-9A80-40FA-B976-870E40FEE227}.Release|Any CPU.ActiveCfg = Release|Any CPU
		{06F9DBC8-9A80-40FA-B976-870E40FEE227}.Release|Any CPU.Build.0 = Release|Any CPU
		{0D413211-302F-46F7-AC87-0E1BAD08B8FF}.Debug|Any CPU.ActiveCfg = Debug|Any CPU
		{0D413211-302F-46F7-AC87-0E1BAD08B8FF}.Debug|Any CPU.Build.0 = Debug|Any CPU
		{0D413211-302F-46F7-AC87-0E1BAD08B8FF}.Release|Any CPU.ActiveCfg = Release|Any CPU
		{0D413211-302F-46F7-AC87-0E1BAD08B8FF}.Release|Any CPU.Build.0 = Release|Any CPU
	EndGlobalSection
	GlobalSection(SolutionProperties) = preSolution
		HideSolutionNode = FALSE
	EndGlobalSection
	GlobalSection(ExtensibilityGlobals) = postSolution
		SolutionGuid = {EB62E517-6A9A-4FB3-9FBD-EAB91B08B4B5}
	EndGlobalSection
EndGlobal
